
Microsoft Visual Studio Solution File, Format Version 12.00
# Visual Studio Version 16
VisualStudioVersion = 16.0.30611.23
MinimumVisualStudioVersion = 10.0.40219.1
Project("{FAE04EC0-301F-11D3-BF4B-00C04F79EFBC}") = "Stanciu_Madalina_Lab5", "Stanciu_Madalina_Lab5.csproj", "{4FEA9221-60B0-459D-B9F7-38CD0EFDA3AF}"
EndProject
Global
	GlobalSection(SolutionConfigurationPlatforms) = preSolution
		Debug|Any CPU = Debug|Any CPU
		Release|Any CPU = Release|Any CPU
	EndGlobalSection
	GlobalSection(ProjectConfigurationPlatforms) = postSolution
		{4FEA9221-60B0-459D-B9F7-38CD0EFDA3AF}.Debug|Any CPU.ActiveCfg = Debug|Any CPU
		{4FEA9221-60B0-459D-B9F7-38CD0EFDA3AF}.Debug|Any CPU.Build.0 = Debug|Any CPU
		{4FEA9221-60B0-459D-B9F7-38CD0EFDA3AF}.Release|Any CPU.ActiveCfg = Release|Any CPU
		{4FEA9221-60B0-459D-B9F7-38CD0EFDA3AF}.Release|Any CPU.Build.0 = Release|Any CPU
	EndGlobalSection
	GlobalSection(SolutionProperties) = preSolution
		HideSolutionNode = FALSE
	EndGlobalSection
	GlobalSection(ExtensibilityGlobals) = postSolution
		SolutionGuid = {A9EE9FFA-261D-43A7-87D8-0C8613608F2D}
	EndGlobalSection
EndGlobal
